// !$*UTF8*$!
{
	archiveVersion = 1;
	classes = {
	};
	objectVersion = 55;
	objects = {

/* Begin PBXBuildFile section */
		67DB65D628C4BB170064CCB2 /* AppDelegate.swift in Sources */ = {isa = PBXBuildFile; fileRef = 67DB65D528C4BB170064CCB2 /* AppDelegate.swift */; };
		67DB65D828C4BB170064CCB2 /* SceneDelegate.swift in Sources */ = {isa = PBXBuildFile; fileRef = 67DB65D728C4BB170064CCB2 /* SceneDelegate.swift */; };
		67DB65DA28C4BB170064CCB2 /* ViewController.swift in Sources */ = {isa = PBXBuildFile; fileRef = 67DB65D928C4BB170064CCB2 /* ViewController.swift */; };
		67DB65DD28C4BB170064CCB2 /* Main.storyboard in Resources */ = {isa = PBXBuildFile; fileRef = 67DB65DB28C4BB170064CCB2 /* Main.storyboard */; };
		67DB65DF28C4BB180064CCB2 /* Assets.xcassets in Resources */ = {isa = PBXBuildFile; fileRef = 67DB65DE28C4BB180064CCB2 /* Assets.xcassets */; };
		67DB65E228C4BB180064CCB2 /* LaunchScreen.storyboard in Resources */ = {isa = PBXBuildFile; fileRef = 67DB65E028C4BB180064CCB2 /* LaunchScreen.storyboard */; };
		67DB65ED28C4BB180064CCB2 /* MovieListing_VIPERTests.swift in Sources */ = {isa = PBXBuildFile; fileRef = 67DB65EC28C4BB180064CCB2 /* MovieListing_VIPERTests.swift */; };
		67DB65F728C4BB180064CCB2 /* MovieListing_VIPERUITests.swift in Sources */ = {isa = PBXBuildFile; fileRef = 67DB65F628C4BB180064CCB2 /* MovieListing_VIPERUITests.swift */; };
		67DB65F928C4BB180064CCB2 /* MovieListing_VIPERUITestsLaunchTests.swift in Sources */ = {isa = PBXBuildFile; fileRef = 67DB65F828C4BB180064CCB2 /* MovieListing_VIPERUITestsLaunchTests.swift */; };
		67DB660C28C4BD030064CCB2 /* GenreViewController.swift in Sources */ = {isa = PBXBuildFile; fileRef = 67DB660A28C4BD030064CCB2 /* GenreViewController.swift */; };
		67DB660F28C4BD5B0064CCB2 /* GenreViewController.storyboard in Resources */ = {isa = PBXBuildFile; fileRef = 67DB660E28C4BD5B0064CCB2 /* GenreViewController.storyboard */; };
		67DB661128C4BDDC0064CCB2 /* GenrePresenter.swift in Sources */ = {isa = PBXBuildFile; fileRef = 67DB661028C4BDDC0064CCB2 /* GenrePresenter.swift */; };
		67DB661328C4BE620064CCB2 /* MovieListController.storyboard in Resources */ = {isa = PBXBuildFile; fileRef = 67DB661228C4BE620064CCB2 /* MovieListController.storyboard */; };
		67DB661528C4BE850064CCB2 /* MovieListPresenter.swift in Sources */ = {isa = PBXBuildFile; fileRef = 67DB661428C4BE850064CCB2 /* MovieListPresenter.swift */; };
		67DB661728C4BE930064CCB2 /* MovieDetailPresenter.swift in Sources */ = {isa = PBXBuildFile; fileRef = 67DB661628C4BE930064CCB2 /* MovieDetailPresenter.swift */; };
		67DB661928C4BEBC0064CCB2 /* MovieListViewController.swift in Sources */ = {isa = PBXBuildFile; fileRef = 67DB661828C4BEBC0064CCB2 /* MovieListViewController.swift */; };
		67DB661B28C4BEFD0064CCB2 /* MovieDetailViewController.storyboard in Resources */ = {isa = PBXBuildFile; fileRef = 67DB661A28C4BEFD0064CCB2 /* MovieDetailViewController.storyboard */; };
		67DB661D28C4BF0C0064CCB2 /* MovieDetailViewController.swift in Sources */ = {isa = PBXBuildFile; fileRef = 67DB661C28C4BF0C0064CCB2 /* MovieDetailViewController.swift */; };
		67DB661F28C4C3010064CCB2 /* GenreEntity.swift in Sources */ = {isa = PBXBuildFile; fileRef = 67DB661E28C4C3010064CCB2 /* GenreEntity.swift */; };
		67DB662128C4C3190064CCB2 /* MovieEntity.swift in Sources */ = {isa = PBXBuildFile; fileRef = 67DB662028C4C3190064CCB2 /* MovieEntity.swift */; };
		67DB662328C4C3330064CCB2 /* GenreRouter.swift in Sources */ = {isa = PBXBuildFile; fileRef = 67DB662228C4C3330064CCB2 /* GenreRouter.swift */; };
		67DB662528C4C3430064CCB2 /* MovieListRouter.swift in Sources */ = {isa = PBXBuildFile; fileRef = 67DB662428C4C3430064CCB2 /* MovieListRouter.swift */; };
/* End PBXBuildFile section */

/* Begin PBXContainerItemProxy section */
		67DB65E928C4BB180064CCB2 /* PBXContainerItemProxy */ = {
			isa = PBXContainerItemProxy;
			containerPortal = 67DB65CA28C4BB170064CCB2 /* Project object */;
			proxyType = 1;
			remoteGlobalIDString = 67DB65D128C4BB170064CCB2;
			remoteInfo = "MovieListing-VIPER";
		};
		67DB65F328C4BB180064CCB2 /* PBXContainerItemProxy */ = {
			isa = PBXContainerItemProxy;
			containerPortal = 67DB65CA28C4BB170064CCB2 /* Project object */;
			proxyType = 1;
			remoteGlobalIDString = 67DB65D128C4BB170064CCB2;
			remoteInfo = "MovieListing-VIPER";
		};
/* End PBXContainerItemProxy section */

/* Begin PBXFileReference section */
		67DB65D228C4BB170064CCB2 /* MovieListing-VIPER.app */ = {isa = PBXFileReference; explicitFileType = wrapper.application; includeInIndex = 0; path = "MovieListing-VIPER.app"; sourceTree = BUILT_PRODUCTS_DIR; };
		67DB65D528C4BB170064CCB2 /* AppDelegate.swift */ = {isa = PBXFileReference; lastKnownFileType = sourcecode.swift; path = AppDelegate.swift; sourceTree = "<group>"; };
		67DB65D728C4BB170064CCB2 /* SceneDelegate.swift */ = {isa = PBXFileReference; lastKnownFileType = sourcecode.swift; path = SceneDelegate.swift; sourceTree = "<group>"; };
		67DB65D928C4BB170064CCB2 /* ViewController.swift */ = {isa = PBXFileReference; lastKnownFileType = sourcecode.swift; path = ViewController.swift; sourceTree = "<group>"; };
		67DB65DC28C4BB170064CCB2 /* Base */ = {isa = PBXFileReference; lastKnownFileType = file.storyboard; name = Base; path = Base.lproj/Main.storyboard; sourceTree = "<group>"; };
		67DB65DE28C4BB180064CCB2 /* Assets.xcassets */ = {isa = PBXFileReference; lastKnownFileType = folder.assetcatalog; path = Assets.xcassets; sourceTree = "<group>"; };
		67DB65E128C4BB180064CCB2 /* Base */ = {isa = PBXFileReference; lastKnownFileType = file.storyboard; name = Base; path = Base.lproj/LaunchScreen.storyboard; sourceTree = "<group>"; };
		67DB65E328C4BB180064CCB2 /* Info.plist */ = {isa = PBXFileReference; lastKnownFileType = text.plist.xml; path = Info.plist; sourceTree = "<group>"; };
		67DB65E828C4BB180064CCB2 /* MovieListing-VIPERTests.xctest */ = {isa = PBXFileReference; explicitFileType = wrapper.cfbundle; includeInIndex = 0; path = "MovieListing-VIPERTests.xctest"; sourceTree = BUILT_PRODUCTS_DIR; };
		67DB65EC28C4BB180064CCB2 /* MovieListing_VIPERTests.swift */ = {isa = PBXFileReference; lastKnownFileType = sourcecode.swift; path = MovieListing_VIPERTests.swift; sourceTree = "<group>"; };
		67DB65F228C4BB180064CCB2 /* MovieListing-VIPERUITests.xctest */ = {isa = PBXFileReference; explicitFileType = wrapper.cfbundle; includeInIndex = 0; path = "MovieListing-VIPERUITests.xctest"; sourceTree = BUILT_PRODUCTS_DIR; };
		67DB65F628C4BB180064CCB2 /* MovieListing_VIPERUITests.swift */ = {isa = PBXFileReference; lastKnownFileType = sourcecode.swift; path = MovieListing_VIPERUITests.swift; sourceTree = "<group>"; };
		67DB65F828C4BB180064CCB2 /* MovieListing_VIPERUITestsLaunchTests.swift */ = {isa = PBXFileReference; lastKnownFileType = sourcecode.swift; path = MovieListing_VIPERUITestsLaunchTests.swift; sourceTree = "<group>"; };
		67DB660A28C4BD030064CCB2 /* GenreViewController.swift */ = {isa = PBXFileReference; lastKnownFileType = sourcecode.swift; path = GenreViewController.swift; sourceTree = "<group>"; };
		67DB660E28C4BD5B0064CCB2 /* GenreViewController.storyboard */ = {isa = PBXFileReference; lastKnownFileType = file.storyboard; path = GenreViewController.storyboard; sourceTree = "<group>"; };
		67DB661028C4BDDC0064CCB2 /* GenrePresenter.swift */ = {isa = PBXFileReference; lastKnownFileType = sourcecode.swift; path = GenrePresenter.swift; sourceTree = "<group>"; };
		67DB661228C4BE620064CCB2 /* MovieListController.storyboard */ = {isa = PBXFileReference; lastKnownFileType = file.storyboard; path = MovieListController.storyboard; sourceTree = "<group>"; };
		67DB661428C4BE850064CCB2 /* MovieListPresenter.swift */ = {isa = PBXFileReference; lastKnownFileType = sourcecode.swift; path = MovieListPresenter.swift; sourceTree = "<group>"; };
		67DB661628C4BE930064CCB2 /* MovieDetailPresenter.swift */ = {isa = PBXFileReference; lastKnownFileType = sourcecode.swift; path = MovieDetailPresenter.swift; sourceTree = "<group>"; };
		67DB661828C4BEBC0064CCB2 /* MovieListViewController.swift */ = {isa = PBXFileReference; lastKnownFileType = sourcecode.swift; path = MovieListViewController.swift; sourceTree = "<group>"; };
		67DB661A28C4BEFD0064CCB2 /* MovieDetailViewController.storyboard */ = {isa = PBXFileReference; lastKnownFileType = file.storyboard; path = MovieDetailViewController.storyboard; sourceTree = "<group>"; };
		67DB661C28C4BF0C0064CCB2 /* MovieDetailViewController.swift */ = {isa = PBXFileReference; lastKnownFileType = sourcecode.swift; path = MovieDetailViewController.swift; sourceTree = "<group>"; };
		67DB661E28C4C3010064CCB2 /* GenreEntity.swift */ = {isa = PBXFileReference; lastKnownFileType = sourcecode.swift; path = GenreEntity.swift; sourceTree = "<group>"; };
		67DB662028C4C3190064CCB2 /* MovieEntity.swift */ = {isa = PBXFileReference; lastKnownFileType = sourcecode.swift; path = MovieEntity.swift; sourceTree = "<group>"; };
		67DB662228C4C3330064CCB2 /* GenreRouter.swift */ = {isa = PBXFileReference; lastKnownFileType = sourcecode.swift; path = GenreRouter.swift; sourceTree = "<group>"; };
		67DB662428C4C3430064CCB2 /* MovieListRouter.swift */ = {isa = PBXFileReference; lastKnownFileType = sourcecode.swift; path = MovieListRouter.swift; sourceTree = "<group>"; };
/* End PBXFileReference section */

/* Begin PBXFrameworksBuildPhase section */
		67DB65CF28C4BB170064CCB2 /* Frameworks */ = {
			isa = PBXFrameworksBuildPhase;
			buildActionMask = 2147483647;
			files = (
			);
			runOnlyForDeploymentPostprocessing = 0;
		};
		67DB65E528C4BB180064CCB2 /* Frameworks */ = {
			isa = PBXFrameworksBuildPhase;
			buildActionMask = 2147483647;
			files = (
			);
			runOnlyForDeploymentPostprocessing = 0;
		};
		67DB65EF28C4BB180064CCB2 /* Frameworks */ = {
			isa = PBXFrameworksBuildPhase;
			buildActionMask = 2147483647;
			files = (
			);
			runOnlyForDeploymentPostprocessing = 0;
		};
/* End PBXFrameworksBuildPhase section */

/* Begin PBXGroup section */
		67DB65C928C4BB170064CCB2 = {
			isa = PBXGroup;
			children = (
				67DB65D428C4BB170064CCB2 /* MovieListing-VIPER */,
				67DB65EB28C4BB180064CCB2 /* MovieListing-VIPERTests */,
				67DB65F528C4BB180064CCB2 /* MovieListing-VIPERUITests */,
				67DB65D328C4BB170064CCB2 /* Products */,
			);
			sourceTree = "<group>";
		};
		67DB65D328C4BB170064CCB2 /* Products */ = {
			isa = PBXGroup;
			children = (
				67DB65D228C4BB170064CCB2 /* MovieListing-VIPER.app */,
				67DB65E828C4BB180064CCB2 /* MovieListing-VIPERTests.xctest */,
				67DB65F228C4BB180064CCB2 /* MovieListing-VIPERUITests.xctest */,
			);
			name = Products;
			sourceTree = "<group>";
		};
		67DB65D428C4BB170064CCB2 /* MovieListing-VIPER */ = {
			isa = PBXGroup;
			children = (
				67DB660928C4BCE70064CCB2 /* View */,
				67DB660828C4BCE00064CCB2 /* Interactor */,
				67DB660728C4BCD90064CCB2 /* Presenter */,
				67DB660628C4BCD30064CCB2 /* Entity */,
				67DB660528C4BCC40064CCB2 /* Router */,
				67DB65D528C4BB170064CCB2 /* AppDelegate.swift */,
				67DB65D728C4BB170064CCB2 /* SceneDelegate.swift */,
				67DB65D928C4BB170064CCB2 /* ViewController.swift */,
				67DB65DB28C4BB170064CCB2 /* Main.storyboard */,
				67DB65DE28C4BB180064CCB2 /* Assets.xcassets */,
				67DB65E028C4BB180064CCB2 /* LaunchScreen.storyboard */,
				67DB65E328C4BB180064CCB2 /* Info.plist */,
			);
			path = "MovieListing-VIPER";
			sourceTree = "<group>";
		};
		67DB65EB28C4BB180064CCB2 /* MovieListing-VIPERTests */ = {
			isa = PBXGroup;
			children = (
				67DB65EC28C4BB180064CCB2 /* MovieListing_VIPERTests.swift */,
			);
			path = "MovieListing-VIPERTests";
			sourceTree = "<group>";
		};
		67DB65F528C4BB180064CCB2 /* MovieListing-VIPERUITests */ = {
			isa = PBXGroup;
			children = (
				67DB65F628C4BB180064CCB2 /* MovieListing_VIPERUITests.swift */,
				67DB65F828C4BB180064CCB2 /* MovieListing_VIPERUITestsLaunchTests.swift */,
			);
			path = "MovieListing-VIPERUITests";
			sourceTree = "<group>";
		};
		67DB660528C4BCC40064CCB2 /* Router */ = {
			isa = PBXGroup;
			children = (
				67DB662228C4C3330064CCB2 /* GenreRouter.swift */,
				67DB662428C4C3430064CCB2 /* MovieListRouter.swift */,
			);
			path = Router;
			sourceTree = "<group>";
		};
		67DB660628C4BCD30064CCB2 /* Entity */ = {
			isa = PBXGroup;
			children = (
				67DB661E28C4C3010064CCB2 /* GenreEntity.swift */,
				67DB662028C4C3190064CCB2 /* MovieEntity.swift */,
			);
			path = Entity;
			sourceTree = "<group>";
		};
		67DB660728C4BCD90064CCB2 /* Presenter */ = {
			isa = PBXGroup;
			children = (
				67DB661028C4BDDC0064CCB2 /* GenrePresenter.swift */,
				67DB661428C4BE850064CCB2 /* MovieListPresenter.swift */,
				67DB661628C4BE930064CCB2 /* MovieDetailPresenter.swift */,
			);
			path = Presenter;
			sourceTree = "<group>";
		};
		67DB660828C4BCE00064CCB2 /* Interactor */ = {
			isa = PBXGroup;
			children = (
				67DB660A28C4BD030064CCB2 /* GenreViewController.swift */,
				67DB661828C4BEBC0064CCB2 /* MovieListViewController.swift */,
				67DB661C28C4BF0C0064CCB2 /* MovieDetailViewController.swift */,
			);
			path = Interactor;
			sourceTree = "<group>";
		};
		67DB660928C4BCE70064CCB2 /* View */ = {
			isa = PBXGroup;
			children = (
				67DB660E28C4BD5B0064CCB2 /* GenreViewController.storyboard */,
				67DB661228C4BE620064CCB2 /* MovieListController.storyboard */,
				67DB661A28C4BEFD0064CCB2 /* MovieDetailViewController.storyboard */,
			);
			path = View;
			sourceTree = "<group>";
		};
/* End PBXGroup section */

/* Begin PBXNativeTarget section */
		67DB65D128C4BB170064CCB2 /* MovieListing-VIPER */ = {
			isa = PBXNativeTarget;
			buildConfigurationList = 67DB65FC28C4BB180064CCB2 /* Build configuration list for PBXNativeTarget "MovieListing-VIPER" */;
			buildPhases = (
				67DB65CE28C4BB170064CCB2 /* Sources */,
				67DB65CF28C4BB170064CCB2 /* Frameworks */,
				67DB65D028C4BB170064CCB2 /* Resources */,
			);
			buildRules = (
			);
			dependencies = (
			);
			name = "MovieListing-VIPER";
			productName = "MovieListing-VIPER";
			productReference = 67DB65D228C4BB170064CCB2 /* MovieListing-VIPER.app */;
			productType = "com.apple.product-type.application";
		};
		67DB65E728C4BB180064CCB2 /* MovieListing-VIPERTests */ = {
			isa = PBXNativeTarget;
			buildConfigurationList = 67DB65FF28C4BB180064CCB2 /* Build configuration list for PBXNativeTarget "MovieListing-VIPERTests" */;
			buildPhases = (
				67DB65E428C4BB180064CCB2 /* Sources */,
				67DB65E528C4BB180064CCB2 /* Frameworks */,
				67DB65E628C4BB180064CCB2 /* Resources */,
			);
			buildRules = (
			);
			dependencies = (
				67DB65EA28C4BB180064CCB2 /* PBXTargetDependency */,
			);
			name = "MovieListing-VIPERTests";
			productName = "MovieListing-VIPERTests";
			productReference = 67DB65E828C4BB180064CCB2 /* MovieListing-VIPERTests.xctest */;
			productType = "com.apple.product-type.bundle.unit-test";
		};
		67DB65F128C4BB180064CCB2 /* MovieListing-VIPERUITests */ = {
			isa = PBXNativeTarget;
			buildConfigurationList = 67DB660228C4BB180064CCB2 /* Build configuration list for PBXNativeTarget "MovieListing-VIPERUITests" */;
			buildPhases = (
				67DB65EE28C4BB180064CCB2 /* Sources */,
				67DB65EF28C4BB180064CCB2 /* Frameworks */,
				67DB65F028C4BB180064CCB2 /* Resources */,
			);
			buildRules = (
			);
			dependencies = (
				67DB65F428C4BB180064CCB2 /* PBXTargetDependency */,
			);
			name = "MovieListing-VIPERUITests";
			productName = "MovieListing-VIPERUITests";
			productReference = 67DB65F228C4BB180064CCB2 /* MovieListing-VIPERUITests.xctest */;
			productType = "com.apple.product-type.bundle.ui-testing";
		};
/* End PBXNativeTarget section */

/* Begin PBXProject section */
		67DB65CA28C4BB170064CCB2 /* Project object */ = {
			isa = PBXProject;
			attributes = {
				BuildIndependentTargetsInParallel = 1;
				LastSwiftUpdateCheck = 1320;
				LastUpgradeCheck = 1320;
				TargetAttributes = {
					67DB65D128C4BB170064CCB2 = {
						CreatedOnToolsVersion = 13.2.1;
					};
					67DB65E728C4BB180064CCB2 = {
						CreatedOnToolsVersion = 13.2.1;
						TestTargetID = 67DB65D128C4BB170064CCB2;
					};
					67DB65F128C4BB180064CCB2 = {
						CreatedOnToolsVersion = 13.2.1;
						TestTargetID = 67DB65D128C4BB170064CCB2;
					};
				};
			};
			buildConfigurationList = 67DB65CD28C4BB170064CCB2 /* Build configuration list for PBXProject "MovieListing-VIPER" */;
			compatibilityVersion = "Xcode 13.0";
			developmentRegion = en;
			hasScannedForEncodings = 0;
			knownRegions = (
				en,
				Base,
			);
			mainGroup = 67DB65C928C4BB170064CCB2;
			productRefGroup = 67DB65D328C4BB170064CCB2 /* Products */;
			projectDirPath = "";
			projectRoot = "";
			targets = (
				67DB65D128C4BB170064CCB2 /* MovieListing-VIPER */,
				67DB65E728C4BB180064CCB2 /* MovieListing-VIPERTests */,
				67DB65F128C4BB180064CCB2 /* MovieListing-VIPERUITests */,
			);
		};
/* End PBXProject section */

/* Begin PBXResourcesBuildPhase section */
		67DB65D028C4BB170064CCB2 /* Resources */ = {
			isa = PBXResourcesBuildPhase;
			buildActionMask = 2147483647;
			files = (
				67DB65E228C4BB180064CCB2 /* LaunchScreen.storyboard in Resources */,
				67DB661328C4BE620064CCB2 /* MovieListController.storyboard in Resources */,
				67DB660F28C4BD5B0064CCB2 /* GenreViewController.storyboard in Resources */,
				67DB661B28C4BEFD0064CCB2 /* MovieDetailViewController.storyboard in Resources */,
				67DB65DF28C4BB180064CCB2 /* Assets.xcassets in Resources */,
				67DB65DD28C4BB170064CCB2 /* Main.storyboard in Resources */,
			);
			runOnlyForDeploymentPostprocessing = 0;
		};
		67DB65E628C4BB180064CCB2 /* Resources */ = {
			isa = PBXResourcesBuildPhase;
			buildActionMask = 2147483647;
			files = (
			);
			runOnlyForDeploymentPostprocessing = 0;
		};
		67DB65F028C4BB180064CCB2 /* Resources */ = {
			isa = PBXResourcesBuildPhase;
			buildActionMask = 2147483647;
			files = (
			);
			runOnlyForDeploymentPostprocessing = 0;
		};
/* End PBXResourcesBuildPhase section */

/* Begin PBXSourcesBuildPhase section */
		67DB65CE28C4BB170064CCB2 /* Sources */ = {
			isa = PBXSourcesBuildPhase;
			buildActionMask = 2147483647;
			files = (
				67DB660C28C4BD030064CCB2 /* GenreViewController.swift in Sources */,
				67DB661528C4BE850064CCB2 /* MovieListPresenter.swift in Sources */,
				67DB661F28C4C3010064CCB2 /* GenreEntity.swift in Sources */,
				67DB661728C4BE930064CCB2 /* MovieDetailPresenter.swift in Sources */,
				67DB661928C4BEBC0064CCB2 /* MovieListViewController.swift in Sources */,
				67DB662128C4C3190064CCB2 /* MovieEntity.swift in Sources */,
				67DB65DA28C4BB170064CCB2 /* ViewController.swift in Sources */,
				67DB65D628C4BB170064CCB2 /* AppDelegate.swift in Sources */,
				67DB662528C4C3430064CCB2 /* MovieListRouter.swift in Sources */,
				67DB65D828C4BB170064CCB2 /* SceneDelegate.swift in Sources */,
				67DB661D28C4BF0C0064CCB2 /* MovieDetailViewController.swift in Sources */,
				67DB662328C4C3330064CCB2 /* GenreRouter.swift in Sources */,
				67DB661128C4BDDC0064CCB2 /* GenrePresenter.swift in Sources */,
			);
			runOnlyForDeploymentPostprocessing = 0;
		};
		67DB65E428C4BB180064CCB2 /* Sources */ = {
			isa = PBXSourcesBuildPhase;
			buildActionMask = 2147483647;
			files = (
				67DB65ED28C4BB180064CCB2 /* MovieListing_VIPERTests.swift in Sources */,
			);
			runOnlyForDeploymentPostprocessing = 0;
		};
		67DB65EE28C4BB180064CCB2 /* Sources */ = {
			isa = PBXSourcesBuildPhase;
			buildActionMask = 2147483647;
			files = (
				67DB65F728C4BB180064CCB2 /* MovieListing_VIPERUITests.swift in Sources */,
				67DB65F928C4BB180064CCB2 /* MovieListing_VIPERUITestsLaunchTests.swift in Sources */,
			);
			runOnlyForDeploymentPostprocessing = 0;
		};
/* End PBXSourcesBuildPhase section */

/* Begin PBXTargetDependency section */
		67DB65EA28C4BB180064CCB2 /* PBXTargetDependency */ = {
			isa = PBXTargetDependency;
			target = 67DB65D128C4BB170064CCB2 /* MovieListing-VIPER */;
			targetProxy = 67DB65E928C4BB180064CCB2 /* PBXContainerItemProxy */;
		};
		67DB65F428C4BB180064CCB2 /* PBXTargetDependency */ = {
			isa = PBXTargetDependency;
			target = 67DB65D128C4BB170064CCB2 /* MovieListing-VIPER */;
			targetProxy = 67DB65F328C4BB180064CCB2 /* PBXContainerItemProxy */;
		};
/* End PBXTargetDependency section */

/* Begin PBXVariantGroup section */
		67DB65DB28C4BB170064CCB2 /* Main.storyboard */ = {
			isa = PBXVariantGroup;
			children = (
				67DB65DC28C4BB170064CCB2 /* Base */,
			);
			name = Main.storyboard;
			sourceTree = "<group>";
		};
		67DB65E028C4BB180064CCB2 /* LaunchScreen.storyboard */ = {
			isa = PBXVariantGroup;
			children = (
				67DB65E128C4BB180064CCB2 /* Base */,
			);
			name = LaunchScreen.storyboard;
			sourceTree = "<group>";
		};
/* End PBXVariantGroup section */

/* Begin XCBuildConfiguration section */
		67DB65FA28C4BB180064CCB2 /* Debug */ = {
			isa = XCBuildConfiguration;
			buildSettings = {
				ALWAYS_SEARCH_USER_PATHS = NO;
				CLANG_ANALYZER_NONNULL = YES;
				CLANG_ANALYZER_NUMBER_OBJECT_CONVERSION = YES_AGGRESSIVE;
				CLANG_CXX_LANGUAGE_STANDARD = "gnu++17";
				CLANG_CXX_LIBRARY = "libc++";
				CLANG_ENABLE_MODULES = YES;
				CLANG_ENABLE_OBJC_ARC = YES;
				CLANG_ENABLE_OBJC_WEAK = YES;
				CLANG_WARN_BLOCK_CAPTURE_AUTORELEASING = YES;
				CLANG_WARN_BOOL_CONVERSION = YES;
				CLANG_WARN_COMMA = YES;
				CLANG_WARN_CONSTANT_CONVERSION = YES;
				CLANG_WARN_DEPRECATED_OBJC_IMPLEMENTATIONS = YES;
				CLANG_WARN_DIRECT_OBJC_ISA_USAGE = YES_ERROR;
				CLANG_WARN_DOCUMENTATION_COMMENTS = YES;
				CLANG_WARN_EMPTY_BODY = YES;
				CLANG_WARN_ENUM_CONVERSION = YES;
				CLANG_WARN_INFINITE_RECURSION = YES;
				CLANG_WARN_INT_CONVERSION = YES;
				CLANG_WARN_NON_LITERAL_NULL_CONVERSION = YES;
				CLANG_WARN_OBJC_IMPLICIT_RETAIN_SELF = YES;
				CLANG_WARN_OBJC_LITERAL_CONVERSION = YES;
				CLANG_WARN_OBJC_ROOT_CLASS = YES_ERROR;
				CLANG_WARN_QUOTED_INCLUDE_IN_FRAMEWORK_HEADER = YES;
				CLANG_WARN_RANGE_LOOP_ANALYSIS = YES;
				CLANG_WARN_STRICT_PROTOTYPES = YES;
				CLANG_WARN_SUSPICIOUS_MOVE = YES;
				CLANG_WARN_UNGUARDED_AVAILABILITY = YES_AGGRESSIVE;
				CLANG_WARN_UNREACHABLE_CODE = YES;
				CLANG_WARN__DUPLICATE_METHOD_MATCH = YES;
				COPY_PHASE_STRIP = NO;
				DEBUG_INFORMATION_FORMAT = dwarf;
				ENABLE_STRICT_OBJC_MSGSEND = YES;
				ENABLE_TESTABILITY = YES;
				GCC_C_LANGUAGE_STANDARD = gnu11;
				GCC_DYNAMIC_NO_PIC = NO;
				GCC_NO_COMMON_BLOCKS = YES;
				GCC_OPTIMIZATION_LEVEL = 0;
				GCC_PREPROCESSOR_DEFINITIONS = (
					"DEBUG=1",
					"$(inherited)",
				);
				GCC_WARN_64_TO_32_BIT_CONVERSION = YES;
				GCC_WARN_ABOUT_RETURN_TYPE = YES_ERROR;
				GCC_WARN_UNDECLARED_SELECTOR = YES;
				GCC_WARN_UNINITIALIZED_AUTOS = YES_AGGRESSIVE;
				GCC_WARN_UNUSED_FUNCTION = YES;
				GCC_WARN_UNUSED_VARIABLE = YES;
				IPHONEOS_DEPLOYMENT_TARGET = 15.2;
				MTL_ENABLE_DEBUG_INFO = INCLUDE_SOURCE;
				MTL_FAST_MATH = YES;
				ONLY_ACTIVE_ARCH = YES;
				SDKROOT = iphoneos;
				SWIFT_ACTIVE_COMPILATION_CONDITIONS = DEBUG;
				SWIFT_OPTIMIZATION_LEVEL = "-Onone";
			};
			name = Debug;
		};
		67DB65FB28C4BB180064CCB2 /* Release */ = {
			isa = XCBuildConfiguration;
			buildSettings = {
				ALWAYS_SEARCH_USER_PATHS = NO;
				CLANG_ANALYZER_NONNULL = YES;
				CLANG_ANALYZER_NUMBER_OBJECT_CONVERSION = YES_AGGRESSIVE;
				CLANG_CXX_LANGUAGE_STANDARD = "gnu++17";
				CLANG_CXX_LIBRARY = "libc++";
				CLANG_ENABLE_MODULES = YES;
				CLANG_ENABLE_OBJC_ARC = YES;
				CLANG_ENABLE_OBJC_WEAK = YES;
				CLANG_WARN_BLOCK_CAPTURE_AUTORELEASING = YES;
				CLANG_WARN_BOOL_CONVERSION = YES;
				CLANG_WARN_COMMA = YES;
				CLANG_WARN_CONSTANT_CONVERSION = YES;
				CLANG_WARN_DEPRECATED_OBJC_IMPLEMENTATIONS = YES;
				CLANG_WARN_DIRECT_OBJC_ISA_USAGE = YES_ERROR;
				CLANG_WARN_DOCUMENTATION_COMMENTS = YES;
				CLANG_WARN_EMPTY_BODY = YES;
				CLANG_WARN_ENUM_CONVERSION = YES;
				CLANG_WARN_INFINITE_RECURSION = YES;
				CLANG_WARN_INT_CONVERSION = YES;
				CLANG_WARN_NON_LITERAL_NULL_CONVERSION = YES;
				CLANG_WARN_OBJC_IMPLICIT_RETAIN_SELF = YES;
				CLANG_WARN_OBJC_LITERAL_CONVERSION = YES;
				CLANG_WARN_OBJC_ROOT_CLASS = YES_ERROR;
				CLANG_WARN_QUOTED_INCLUDE_IN_FRAMEWORK_HEADER = YES;
				CLANG_WARN_RANGE_LOOP_ANALYSIS = YES;
				CLANG_WARN_STRICT_PROTOTYPES = YES;
				CLANG_WARN_SUSPICIOUS_MOVE = YES;
				CLANG_WARN_UNGUARDED_AVAILABILITY = YES_AGGRESSIVE;
				CLANG_WARN_UNREACHABLE_CODE = YES;
				CLANG_WARN__DUPLICATE_METHOD_MATCH = YES;
				COPY_PHASE_STRIP = NO;
				DEBUG_INFORMATION_FORMAT = "dwarf-with-dsym";
				ENABLE_NS_ASSERTIONS = NO;
				ENABLE_STRICT_OBJC_MSGSEND = YES;
				GCC_C_LANGUAGE_STANDARD = gnu11;
				GCC_NO_COMMON_BLOCKS = YES;
				GCC_WARN_64_TO_32_BIT_CONVERSION = YES;
				GCC_WARN_ABOUT_RETURN_TYPE = YES_ERROR;
				GCC_WARN_UNDECLARED_SELECTOR = YES;
				GCC_WARN_UNINITIALIZED_AUTOS = YES_AGGRESSIVE;
				GCC_WARN_UNUSED_FUNCTION = YES;
				GCC_WARN_UNUSED_VARIABLE = YES;
				IPHONEOS_DEPLOYMENT_TARGET = 15.2;
				MTL_ENABLE_DEBUG_INFO = NO;
				MTL_FAST_MATH = YES;
				SDKROOT = iphoneos;
				SWIFT_COMPILATION_MODE = wholemodule;
				SWIFT_OPTIMIZATION_LEVEL = "-O";
				VALIDATE_PRODUCT = YES;
			};
			name = Release;
		};
		67DB65FD28C4BB180064CCB2 /* Debug */ = {
			isa = XCBuildConfiguration;
			buildSettings = {
				ASSETCATALOG_COMPILER_APPICON_NAME = AppIcon;
				ASSETCATALOG_COMPILER_GLOBAL_ACCENT_COLOR_NAME = AccentColor;
				CODE_SIGN_STYLE = Automatic;
				CURRENT_PROJECT_VERSION = 1;
				DEVELOPMENT_TEAM = FTDV5D2867;
				GENERATE_INFOPLIST_FILE = YES;
				INFOPLIST_FILE = "MovieListing-VIPER/Info.plist";
				INFOPLIST_KEY_UIApplicationSupportsIndirectInputEvents = YES;
				INFOPLIST_KEY_UILaunchStoryboardName = LaunchScreen;
				INFOPLIST_KEY_UIMainStoryboardFile = Main;
				INFOPLIST_KEY_UISupportedInterfaceOrientations_iPad = "UIInterfaceOrientationPortrait UIInterfaceOrientationPortraitUpsideDown UIInterfaceOrientationLandscapeLeft UIInterfaceOrientationLandscapeRight";
				INFOPLIST_KEY_UISupportedInterfaceOrientations_iPhone = "UIInterfaceOrientationPortrait UIInterfaceOrientationLandscapeLeft UIInterfaceOrientationLandscapeRight";
				LD_RUNPATH_SEARCH_PATHS = (
					"$(inherited)",
					"@executable_path/Frameworks",
				);
				MARKETING_VERSION = 1.0;
				PRODUCT_BUNDLE_IDENTIFIER = "audreyaureliachang.MovieListing-VIPER";
				PRODUCT_NAME = "$(TARGET_NAME)";
				SWIFT_EMIT_LOC_STRINGS = YES;
				SWIFT_VERSION = 5.0;
				TARGETED_DEVICE_FAMILY = "1,2";
			};
			name = Debug;
		};
		67DB65FE28C4BB180064CCB2 /* Release */ = {
			isa = XCBuildConfiguration;
			buildSettings = {
				ASSETCATALOG_COMPILER_APPICON_NAME = AppIcon;
				ASSETCATALOG_COMPILER_GLOBAL_ACCENT_COLOR_NAME = AccentColor;
				CODE_SIGN_STYLE = Automatic;
				CURRENT_PROJECT_VERSION = 1;
				DEVELOPMENT_TEAM = FTDV5D2867;
				GENERATE_INFOPLIST_FILE = YES;
				INFOPLIST_FILE = "MovieListing-VIPER/Info.plist";
				INFOPLIST_KEY_UIApplicationSupportsIndirectInputEvents = YES;
				INFOPLIST_KEY_UILaunchStoryboardName = LaunchScreen;
				INFOPLIST_KEY_UIMainStoryboardFile = Main;
				INFOPLIST_KEY_UISupportedInterfaceOrientations_iPad = "UIInterfaceOrientationPortrait UIInterfaceOrientationPortraitUpsideDown UIInterfaceOrientationLandscapeLeft UIInterfaceOrientationLandscapeRight";
				INFOPLIST_KEY_UISupportedInterfaceOrientations_iPhone = "UIInterfaceOrientationPortrait UIInterfaceOrientationLandscapeLeft UIInterfaceOrientationLandscapeRight";
				LD_RUNPATH_SEARCH_PATHS = (
					"$(inherited)",
					"@executable_path/Frameworks",
				);
				MARKETING_VERSION = 1.0;
				PRODUCT_BUNDLE_IDENTIFIER = "audreyaureliachang.MovieListing-VIPER";
				PRODUCT_NAME = "$(TARGET_NAME)";
				SWIFT_EMIT_LOC_STRINGS = YES;
				SWIFT_VERSION = 5.0;
				TARGETED_DEVICE_FAMILY = "1,2";
			};
			name = Release;
		};
		67DB660028C4BB180064CCB2 /* Debug */ = {
			isa = XCBuildConfiguration;
			buildSettings = {
				ALWAYS_EMBED_SWIFT_STANDARD_LIBRARIES = YES;
				BUNDLE_LOADER = "$(TEST_HOST)";
				CODE_SIGN_STYLE = Automatic;
				CURRENT_PROJECT_VERSION = 1;
				DEVELOPMENT_TEAM = FTDV5D2867;
				GENERATE_INFOPLIST_FILE = YES;
				IPHONEOS_DEPLOYMENT_TARGET = 15.2;
				MARKETING_VERSION = 1.0;
				PRODUCT_BUNDLE_IDENTIFIER = "audreyaureliachang.MovieListing-VIPERTests";
				PRODUCT_NAME = "$(TARGET_NAME)";
				SWIFT_EMIT_LOC_STRINGS = NO;
				SWIFT_VERSION = 5.0;
				TARGETED_DEVICE_FAMILY = "1,2";
				TEST_HOST = "$(BUILT_PRODUCTS_DIR)/MovieListing-VIPER.app/MovieListing-VIPER";
			};
			name = Debug;
		};
		67DB660128C4BB180064CCB2 /* Release */ = {
			isa = XCBuildConfiguration;
			buildSettings = {
				ALWAYS_EMBED_SWIFT_STANDARD_LIBRARIES = YES;
				BUNDLE_LOADER = "$(TEST_HOST)";
				CODE_SIGN_STYLE = Automatic;
				CURRENT_PROJECT_VERSION = 1;
				DEVELOPMENT_TEAM = FTDV5D2867;
				GENERATE_INFOPLIST_FILE = YES;
				IPHONEOS_DEPLOYMENT_TARGET = 15.2;
				MARKETING_VERSION = 1.0;
				PRODUCT_BUNDLE_IDENTIFIER = "audreyaureliachang.MovieListing-VIPERTests";
				PRODUCT_NAME = "$(TARGET_NAME)";
				SWIFT_EMIT_LOC_STRINGS = NO;
				SWIFT_VERSION = 5.0;
				TARGETED_DEVICE_FAMILY = "1,2";
				TEST_HOST = "$(BUILT_PRODUCTS_DIR)/MovieListing-VIPER.app/MovieListing-VIPER";
			};
			name = Release;
		};
		67DB660328C4BB180064CCB2 /* Debug */ = {
			isa = XCBuildConfiguration;
			buildSettings = {
				ALWAYS_EMBED_SWIFT_STANDARD_LIBRARIES = YES;
				CODE_SIGN_STYLE = Automatic;
				CURRENT_PROJECT_VERSION = 1;
				DEVELOPMENT_TEAM = FTDV5D2867;
				GENERATE_INFOPLIST_FILE = YES;
				MARKETING_VERSION = 1.0;
				PRODUCT_BUNDLE_IDENTIFIER = "audreyaureliachang.MovieListing-VIPERUITests";
				PRODUCT_NAME = "$(TARGET_NAME)";
				SWIFT_EMIT_LOC_STRINGS = NO;
				SWIFT_VERSION = 5.0;
				TARGETED_DEVICE_FAMILY = "1,2";
				TEST_TARGET_NAME = "MovieListing-VIPER";
			};
			name = Debug;
		};
		67DB660428C4BB180064CCB2 /* Release */ = {
			isa = XCBuildConfiguration;
			buildSettings = {
				ALWAYS_EMBED_SWIFT_STANDARD_LIBRARIES = YES;
				CODE_SIGN_STYLE = Automatic;
				CURRENT_PROJECT_VERSION = 1;
				DEVELOPMENT_TEAM = FTDV5D2867;
				GENERATE_INFOPLIST_FILE = YES;
				MARKETING_VERSION = 1.0;
				PRODUCT_BUNDLE_IDENTIFIER = "audreyaureliachang.MovieListing-VIPERUITests";
				PRODUCT_NAME = "$(TARGET_NAME)";
				SWIFT_EMIT_LOC_STRINGS = NO;
				SWIFT_VERSION = 5.0;
				TARGETED_DEVICE_FAMILY = "1,2";
				TEST_TARGET_NAME = "MovieListing-VIPER";
			};
			name = Release;
		};
/* End XCBuildConfiguration section */

/* Begin XCConfigurationList section */
		67DB65CD28C4BB170064CCB2 /* Build configuration list for PBXProject "MovieListing-VIPER" */ = {
			isa = XCConfigurationList;
			buildConfigurations = (
				67DB65FA28C4BB180064CCB2 /* Debug */,
				67DB65FB28C4BB180064CCB2 /* Release */,
			);
			defaultConfigurationIsVisible = 0;
			defaultConfigurationName = Release;
		};
		67DB65FC28C4BB180064CCB2 /* Build configuration list for PBXNativeTarget "MovieListing-VIPER" */ = {
			isa = XCConfigurationList;
			buildConfigurations = (
				67DB65FD28C4BB180064CCB2 /* Debug */,
				67DB65FE28C4BB180064CCB2 /* Release */,
			);
			defaultConfigurationIsVisible = 0;
			defaultConfigurationName = Release;
		};
		67DB65FF28C4BB180064CCB2 /* Build configuration list for PBXNativeTarget "MovieListing-VIPERTests" */ = {
			isa = XCConfigurationList;
			buildConfigurations = (
				67DB660028C4BB180064CCB2 /* Debug */,
				67DB660128C4BB180064CCB2 /* Release */,
			);
			defaultConfigurationIsVisible = 0;
			defaultConfigurationName = Release;
		};
		67DB660228C4BB180064CCB2 /* Build configuration list for PBXNativeTarget "MovieListing-VIPERUITests" */ = {
			isa = XCConfigurationList;
			buildConfigurations = (
				67DB660328C4BB180064CCB2 /* Debug */,
				67DB660428C4BB180064CCB2 /* Release */,
			);
			defaultConfigurationIsVisible = 0;
			defaultConfigurationName = Release;
		};
/* End XCConfigurationList section */
	};
	rootObject = 67DB65CA28C4BB170064CCB2 /* Project object */;
}
